dependencies:
- name: postgresql
  repository: https://charts.bitnami.com/bitnami
  version: 15.5.38
- name: traefik
  repository: https://traefik.github.io/charts
  version: 39.0.4
digest: sha256:a5c63736b01133c2c2ad1bf9b7688310d45cc9ef8c73350a8c4792cc2f30e8b7
generated: "2026-03-05T16:36:10.898425-08:00"
