dependencies:
- name: postgresql
  repository: https://charts.bitnami.com/bitnami
  version: 16.7.27
- name: traefik
  repository: https://traefik.github.io/charts
  version: 39.0.4
digest: sha256:6b12ac12541c39ee27cc6fe755fa9b4dfd58a74dff490f113a3ef6284a03fe4d
generated: "2026-03-05T17:17:05.471384-08:00"
